
Microsoft Visual Studio Solution File, Format Version 12.00
# Visual Studio Version 17
VisualStudioVersion = 17.10.35013.160
MinimumVisualStudioVersion = 10.0.40219.1
Project("{9A19103F-16F7-4668-BE54-9A1E7A4F7556}") = "RecipeClassLibrary", "RecipeClassLibrary.csproj", "{A1E4B77A-670F-4F71-997A-FB92B5220436}"
EndProject
Global
	GlobalSection(SolutionConfigurationPlatforms) = preSolution
		Debug|Any CPU = Debug|Any CPU
		Release|Any CPU = Release|Any CPU
	EndGlobalSection
	GlobalSection(ProjectConfigurationPlatforms) = postSolution
		{A1E4B77A-670F-4F71-997A-FB92B5220436}.Debug|Any CPU.ActiveCfg = Debug|Any CPU
		{A1E4B77A-670F-4F71-997A-FB92B5220436}.Debug|Any CPU.Build.0 = Debug|Any CPU
		{A1E4B77A-670F-4F71-997A-FB92B5220436}.Release|Any CPU.ActiveCfg = Release|Any CPU
		{A1E4B77A-670F-4F71-997A-FB92B5220436}.Release|Any CPU.Build.0 = Release|Any CPU
	EndGlobalSection
	GlobalSection(SolutionProperties) = preSolution
		HideSolutionNode = FALSE
	EndGlobalSection
	GlobalSection(ExtensibilityGlobals) = postSolution
		SolutionGuid = {9AEB1C6E-E5D7-4D9E-B491-C0D2E4AA0223}
	EndGlobalSection
EndGlobal
